// !$*UTF8*$!
{
	archiveVersion = 1;
	classes = {
	};
	objectVersion = 50;
	objects = {

/* Begin PBXBuildFile section */
		D132F5F6258C97AD008A90C2 /* AppDelegate.swift in Sources */ = {isa = PBXBuildFile; fileRef = D132F5F5258C97AD008A90C2 /* AppDelegate.swift */; };
		D132F5F8258C97AD008A90C2 /* SceneDelegate.swift in Sources */ = {isa = PBXBuildFile; fileRef = D132F5F7258C97AD008A90C2 /* SceneDelegate.swift */; };
		D132F5FA258C97AD008A90C2 /* ViewController.swift in Sources */ = {isa = PBXBuildFile; fileRef = D132F5F9258C97AD008A90C2 /* ViewController.swift */; };
		D132F5FD258C97AD008A90C2 /* Main.storyboard in Resources */ = {isa = PBXBuildFile; fileRef = D132F5FB258C97AD008A90C2 /* Main.storyboard */; };
		D132F5FF258C97BF008A90C2 /* Assets.xcassets in Resources */ = {isa = PBXBuildFile; fileRef = D132F5FE258C97BF008A90C2 /* Assets.xcassets */; };
		D132F602258C97BF008A90C2 /* LaunchScreen.storyboard in Resources */ = {isa = PBXBuildFile; fileRef = D132F600258C97BF008A90C2 /* LaunchScreen.storyboard */; };
		D132F60D258C97BF008A90C2 /* TicTacToeTests.swift in Sources */ = {isa = PBXBuildFile; fileRef = D132F60C258C97BF008A90C2 /* TicTacToeTests.swift */; };
		D132F618258C97BF008A90C2 /* TicTacToeUITests.swift in Sources */ = {isa = PBXBuildFile; fileRef = D132F617258C97BF008A90C2 /* TicTacToeUITests.swift */; };
/* End PBXBuildFile section */

/* Begin PBXContainerItemProxy section */
		D132F609258C97BF008A90C2 /* PBXContainerItemProxy */ = {
			isa = PBXContainerItemProxy;
			containerPortal = D132F5EA258C97AC008A90C2 /* Project object */;
			proxyType = 1;
			remoteGlobalIDString = D132F5F1258C97AC008A90C2;
			remoteInfo = TicTacToe;
		};
		D132F614258C97BF008A90C2 /* PBXContainerItemProxy */ = {
			isa = PBXContainerItemProxy;
			containerPortal = D132F5EA258C97AC008A90C2 /* Project object */;
			proxyType = 1;
			remoteGlobalIDString = D132F5F1258C97AC008A90C2;
			remoteInfo = TicTacToe;
		};
/* End PBXContainerItemProxy section */

/* Begin PBXFileReference section */
		D132F5F2258C97AD008A90C2 /* TicTacToe.app */ = {isa = PBXFileReference; explicitFileType = wrapper.application; includeInIndex = 0; path = TicTacToe.app; sourceTree = BUILT_PRODUCTS_DIR; };
		D132F5F5258C97AD008A90C2 /* AppDelegate.swift */ = {isa = PBXFileReference; lastKnownFileType = sourcecode.swift; path = AppDelegate.swift; sourceTree = "<group>"; };
		D132F5F7258C97AD008A90C2 /* SceneDelegate.swift */ = {isa = PBXFileReference; lastKnownFileType = sourcecode.swift; path = SceneDelegate.swift; sourceTree = "<group>"; };
		D132F5F9258C97AD008A90C2 /* ViewController.swift */ = {isa = PBXFileReference; lastKnownFileType = sourcecode.swift; path = ViewController.swift; sourceTree = "<group>"; };
		D132F5FC258C97AD008A90C2 /* Base */ = {isa = PBXFileReference; lastKnownFileType = file.storyboard; name = Base; path = Base.lproj/Main.storyboard; sourceTree = "<group>"; };
		D132F5FE258C97BF008A90C2 /* Assets.xcassets */ = {isa = PBXFileReference; lastKnownFileType = folder.assetcatalog; path = Assets.xcassets; sourceTree = "<group>"; };
		D132F601258C97BF008A90C2 /* Base */ = {isa = PBXFileReference; lastKnownFileType = file.storyboard; name = Base; path = Base.lproj/LaunchScreen.storyboard; sourceTree = "<group>"; };
		D132F603258C97BF008A90C2 /* Info.plist */ = {isa = PBXFileReference; lastKnownFileType = text.plist.xml; path = Info.plist; sourceTree = "<group>"; };
		D132F608258C97BF008A90C2 /* TicTacToeTests.xctest */ = {isa = PBXFileReference; explicitFileType = wrapper.cfbundle; includeInIndex = 0; path = TicTacToeTests.xctest; sourceTree = BUILT_PRODUCTS_DIR; };
		D132F60C258C97BF008A90C2 /* TicTacToeTests.swift */ = {isa = PBXFileReference; lastKnownFileType = sourcecode.swift; path = TicTacToeTests.swift; sourceTree = "<group>"; };
		D132F60E258C97BF008A90C2 /* Info.plist */ = {isa = PBXFileReference; lastKnownFileType = text.plist.xml; path = Info.plist; sourceTree = "<group>"; };
		D132F613258C97BF008A90C2 /* TicTacToeUITests.xctest */ = {isa = PBXFileReference; explicitFileType = wrapper.cfbundle; includeInIndex = 0; path = TicTacToeUITests.xctest; sourceTree = BUILT_PRODUCTS_DIR; };
		D132F617258C97BF008A90C2 /* TicTacToeUITests.swift */ = {isa = PBXFileReference; lastKnownFileType = sourcecode.swift; path = TicTacToeUITests.swift; sourceTree = "<group>"; };
		D132F619258C97BF008A90C2 /* Info.plist */ = {isa = PBXFileReference; lastKnownFileType = text.plist.xml; path = Info.plist; sourceTree = "<group>"; };
/* End PBXFileReference section */

/* Begin PBXFrameworksBuildPhase section */
		D132F5EF258C97AC008A90C2 /* Frameworks */ = {
			isa = PBXFrameworksBuildPhase;
			buildActionMask = 2147483647;
			files = (
			);
			runOnlyForDeploymentPostprocessing = 0;
		};
		D132F605258C97BF008A90C2 /* Frameworks */ = {
			isa = PBXFrameworksBuildPhase;
			buildActionMask = 2147483647;
			files = (
			);
			runOnlyForDeploymentPostprocessing = 0;
		};
		D132F610258C97BF008A90C2 /* Frameworks */ = {
			isa = PBXFrameworksBuildPhase;
			buildActionMask = 2147483647;
			files = (
			);
			runOnlyForDeploymentPostprocessing = 0;
		};
/* End PBXFrameworksBuildPhase section */

/* Begin PBXGroup section */
		D132F5E9258C97AC008A90C2 = {
			isa = PBXGroup;
			children = (
				D132F5F4258C97AD008A90C2 /* TicTacToe */,
				D132F60B258C97BF008A90C2 /* TicTacToeTests */,
				D132F616258C97BF008A90C2 /* TicTacToeUITests */,
				D132F5F3258C97AD008A90C2 /* Products */,
			);
			sourceTree = "<group>";
		};
		D132F5F3258C97AD008A90C2 /* Products */ = {
			isa = PBXGroup;
			children = (
				D132F5F2258C97AD008A90C2 /* TicTacToe.app */,
				D132F608258C97BF008A90C2 /* TicTacToeTests.xctest */,
				D132F613258C97BF008A90C2 /* TicTacToeUITests.xctest */,
			);
			name = Products;
			sourceTree = "<group>";
		};
		D132F5F4258C97AD008A90C2 /* TicTacToe */ = {
			isa = PBXGroup;
			children = (
				D132F5F5258C97AD008A90C2 /* AppDelegate.swift */,
				D132F5F7258C97AD008A90C2 /* SceneDelegate.swift */,
				D132F5F9258C97AD008A90C2 /* ViewController.swift */,
				D132F5FB258C97AD008A90C2 /* Main.storyboard */,
				D132F5FE258C97BF008A90C2 /* Assets.xcassets */,
				D132F600258C97BF008A90C2 /* LaunchScreen.storyboard */,
				D132F603258C97BF008A90C2 /* Info.plist */,
			);
			path = TicTacToe;
			sourceTree = "<group>";
		};
		D132F60B258C97BF008A90C2 /* TicTacToeTests */ = {
			isa = PBXGroup;
			children = (
				D132F60C258C97BF008A90C2 /* TicTacToeTests.swift */,
				D132F60E258C97BF008A90C2 /* Info.plist */,
			);
			path = TicTacToeTests;
			sourceTree = "<group>";
		};
		D132F616258C97BF008A90C2 /* TicTacToeUITests */ = {
			isa = PBXGroup;
			children = (
				D132F617258C97BF008A90C2 /* TicTacToeUITests.swift */,
				D132F619258C97BF008A90C2 /* Info.plist */,
			);
			path = TicTacToeUITests;
			sourceTree = "<group>";
		};
/* End PBXGroup section */

/* Begin PBXNativeTarget section */
		D132F5F1258C97AC008A90C2 /* TicTacToe */ = {
			isa = PBXNativeTarget;
			buildConfigurationList = D132F61C258C97BF008A90C2 /* Build configuration list for PBXNativeTarget "TicTacToe" */;
			buildPhases = (
				D132F5EE258C97AC008A90C2 /* Sources */,
				D132F5EF258C97AC008A90C2 /* Frameworks */,
				D132F5F0258C97AC008A90C2 /* Resources */,
			);
			buildRules = (
			);
			dependencies = (
			);
			name = TicTacToe;
			productName = TicTacToe;
			productReference = D132F5F2258C97AD008A90C2 /* TicTacToe.app */;
			productType = "com.apple.product-type.application";
		};
		D132F607258C97BF008A90C2 /* TicTacToeTests */ = {
			isa = PBXNativeTarget;
			buildConfigurationList = D132F61F258C97BF008A90C2 /* Build configuration list for PBXNativeTarget "TicTacToeTests" */;
			buildPhases = (
				D132F604258C97BF008A90C2 /* Sources */,
				D132F605258C97BF008A90C2 /* Frameworks */,
				D132F606258C97BF008A90C2 /* Resources */,
			);
			buildRules = (
			);
			dependencies = (
				D132F60A258C97BF008A90C2 /* PBXTargetDependency */,
			);
			name = TicTacToeTests;
			productName = TicTacToeTests;
			productReference = D132F608258C97BF008A90C2 /* TicTacToeTests.xctest */;
			productType = "com.apple.product-type.bundle.unit-test";
		};
		D132F612258C97BF008A90C2 /* TicTacToeUITests */ = {
			isa = PBXNativeTarget;
			buildConfigurationList = D132F622258C97BF008A90C2 /* Build configuration list for PBXNativeTarget "TicTacToeUITests" */;
			buildPhases = (
				D132F60F258C97BF008A90C2 /* Sources */,
				D132F610258C97BF008A90C2 /* Frameworks */,
				D132F611258C97BF008A90C2 /* Resources */,
			);
			buildRules = (
			);
			dependencies = (
				D132F615258C97BF008A90C2 /* PBXTargetDependency */,
			);
			name = TicTacToeUITests;
			productName = TicTacToeUITests;
			productReference = D132F613258C97BF008A90C2 /* TicTacToeUITests.xctest */;
			productType = "com.apple.product-type.bundle.ui-testing";
		};
/* End PBXNativeTarget section */

/* Begin PBXProject section */
		D132F5EA258C97AC008A90C2 /* Project object */ = {
			isa = PBXProject;
			attributes = {
				LastSwiftUpdateCheck = 1230;
				LastUpgradeCheck = 1230;
				TargetAttributes = {
					D132F5F1258C97AC008A90C2 = {
						CreatedOnToolsVersion = 12.3;
					};
					D132F607258C97BF008A90C2 = {
						CreatedOnToolsVersion = 12.3;
						TestTargetID = D132F5F1258C97AC008A90C2;
					};
					D132F612258C97BF008A90C2 = {
						CreatedOnToolsVersion = 12.3;
						TestTargetID = D132F5F1258C97AC008A90C2;
					};
				};
			};
			buildConfigurationList = D132F5ED258C97AC008A90C2 /* Build configuration list for PBXProject "TicTacToe" */;
			compatibilityVersion = "Xcode 9.3";
			developmentRegion = en;
			hasScannedForEncodings = 0;
			knownRegions = (
				en,
				Base,
			);
			mainGroup = D132F5E9258C97AC008A90C2;
			productRefGroup = D132F5F3258C97AD008A90C2 /* Products */;
			projectDirPath = "";
			projectRoot = "";
			targets = (
				D132F5F1258C97AC008A90C2 /* TicTacToe */,
				D132F607258C97BF008A90C2 /* TicTacToeTests */,
				D132F612258C97BF008A90C2 /* TicTacToeUITests */,
			);
		};
/* End PBXProject section */

/* Begin PBXResourcesBuildPhase section */
		D132F5F0258C97AC008A90C2 /* Resources */ = {
			isa = PBXResourcesBuildPhase;
			buildActionMask = 2147483647;
			files = (
				D132F602258C97BF008A90C2 /* LaunchScreen.storyboard in Resources */,
				D132F5FF258C97BF008A90C2 /* Assets.xcassets in Resources */,
				D132F5FD258C97AD008A90C2 /* Main.storyboard in Resources */,
			);
			runOnlyForDeploymentPostprocessing = 0;
		};
		D132F606258C97BF008A90C2 /* Resources */ = {
			isa = PBXResourcesBuildPhase;
			buildActionMask = 2147483647;
			files = (
			);
			runOnlyForDeploymentPostprocessing = 0;
		};
		D132F611258C97BF008A90C2 /* Resources */ = {
			isa = PBXResourcesBuildPhase;
			buildActionMask = 2147483647;
			files = (
			);
			runOnlyForDeploymentPostprocessing = 0;
		};
/* End PBXResourcesBuildPhase section */

/* Begin PBXSourcesBuildPhase section */
		D132F5EE258C97AC008A90C2 /* Sources */ = {
			isa = PBXSourcesBuildPhase;
			buildActionMask = 2147483647;
			files = (
				D132F5FA258C97AD008A90C2 /* ViewController.swift in Sources */,
				D132F5F6258C97AD008A90C2 /* AppDelegate.swift in Sources */,
				D132F5F8258C97AD008A90C2 /* SceneDelegate.swift in Sources */,
			);
			runOnlyForDeploymentPostprocessing = 0;
		};
		D132F604258C97BF008A90C2 /* Sources */ = {
			isa = PBXSourcesBuildPhase;
			buildActionMask = 2147483647;
			files = (
				D132F60D258C97BF008A90C2 /* TicTacToeTests.swift in Sources */,
			);
			runOnlyForDeploymentPostprocessing = 0;
		};
		D132F60F258C97BF008A90C2 /* Sources */ = {
			isa = PBXSourcesBuildPhase;
			buildActionMask = 2147483647;
			files = (
				D132F618258C97BF008A90C2 /* TicTacToeUITests.swift in Sources */,
			);
			runOnlyForDeploymentPostprocessing = 0;
		};
/* End PBXSourcesBuildPhase section */

/* Begin PBXTargetDependency section */
		D132F60A258C97BF008A90C2 /* PBXTargetDependency */ = {
			isa = PBXTargetDependency;
			target = D132F5F1258C97AC008A90C2 /* TicTacToe */;
			targetProxy = D132F609258C97BF008A90C2 /* PBXContainerItemProxy */;
		};
		D132F615258C97BF008A90C2 /* PBXTargetDependency */ = {
			isa = PBXTargetDependency;
			target = D132F5F1258C97AC008A90C2 /* TicTacToe */;
			targetProxy = D132F614258C97BF008A90C2 /* PBXContainerItemProxy */;
		};
/* End PBXTargetDependency section */

/* Begin PBXVariantGroup section */
		D132F5FB258C97AD008A90C2 /* Main.storyboard */ = {
			isa = PBXVariantGroup;
			children = (
				D132F5FC258C97AD008A90C2 /* Base */,
			);
			name = Main.storyboard;
			sourceTree = "<group>";
		};
		D132F600258C97BF008A90C2 /* LaunchScreen.storyboard */ = {
			isa = PBXVariantGroup;
			children = (
				D132F601258C97BF008A90C2 /* Base */,
			);
			name = LaunchScreen.storyboard;
			sourceTree = "<group>";
		};
/* End PBXVariantGroup section */

/* Begin XCBuildConfiguration section */
		D132F61A258C97BF008A90C2 /* Debug */ = {
			isa = XCBuildConfiguration;
			buildSettings = {
				ALWAYS_SEARCH_USER_PATHS = NO;
				CLANG_ANALYZER_NONNULL = YES;
				CLANG_ANALYZER_NUMBER_OBJECT_CONVERSION = YES_AGGRESSIVE;
				CLANG_CXX_LANGUAGE_STANDARD = "gnu++14";
				CLANG_CXX_LIBRARY = "libc++";
				CLANG_ENABLE_MODULES = YES;
				CLANG_ENABLE_OBJC_ARC = YES;
				CLANG_ENABLE_OBJC_WEAK = YES;
				CLANG_WARN_BLOCK_CAPTURE_AUTORELEASING = YES;
				CLANG_WARN_BOOL_CONVERSION = YES;
				CLANG_WARN_COMMA = YES;
				CLANG_WARN_CONSTANT_CONVERSION = YES;
				CLANG_WARN_DEPRECATED_OBJC_IMPLEMENTATIONS = YES;
				CLANG_WARN_DIRECT_OBJC_ISA_USAGE = YES_ERROR;
				CLANG_WARN_DOCUMENTATION_COMMENTS = YES;
				CLANG_WARN_EMPTY_BODY = YES;
				CLANG_WARN_ENUM_CONVERSION = YES;
				CLANG_WARN_INFINITE_RECURSION = YES;
				CLANG_WARN_INT_CONVERSION = YES;
				CLANG_WARN_NON_LITERAL_NULL_CONVERSION = YES;
				CLANG_WARN_OBJC_IMPLICIT_RETAIN_SELF = YES;
				CLANG_WARN_OBJC_LITERAL_CONVERSION = YES;
				CLANG_WARN_OBJC_ROOT_CLASS = YES_ERROR;
				CLANG_WARN_QUOTED_INCLUDE_IN_FRAMEWORK_HEADER = YES;
				CLANG_WARN_RANGE_LOOP_ANALYSIS = YES;
				CLANG_WARN_STRICT_PROTOTYPES = YES;
				CLANG_WARN_SUSPICIOUS_MOVE = YES;
				CLANG_WARN_UNGUARDED_AVAILABILITY = YES_AGGRESSIVE;
				CLANG_WARN_UNREACHABLE_CODE = YES;
				CLANG_WARN__DUPLICATE_METHOD_MATCH = YES;
				COPY_PHASE_STRIP = NO;
				DEBUG_INFORMATION_FORMAT = dwarf;
				ENABLE_STRICT_OBJC_MSGSEND = YES;
				ENABLE_TESTABILITY = YES;
				GCC_C_LANGUAGE_STANDARD = gnu11;
				GCC_DYNAMIC_NO_PIC = NO;
				GCC_NO_COMMON_BLOCKS = YES;
				GCC_OPTIMIZATION_LEVEL = 0;
				GCC_PREPROCESSOR_DEFINITIONS = (
					"DEBUG=1",
					"$(inherited)",
				);
				GCC_WARN_64_TO_32_BIT_CONVERSION = YES;
				GCC_WARN_ABOUT_RETURN_TYPE = YES_ERROR;
				GCC_WARN_UNDECLARED_SELECTOR = YES;
				GCC_WARN_UNINITIALIZED_AUTOS = YES_AGGRESSIVE;
				GCC_WARN_UNUSED_FUNCTION = YES;
				GCC_WARN_UNUSED_VARIABLE = YES;
				IPHONEOS_DEPLOYMENT_TARGET = 14.3;
				MTL_ENABLE_DEBUG_INFO = INCLUDE_SOURCE;
				MTL_FAST_MATH = YES;
				ONLY_ACTIVE_ARCH = YES;
				SDKROOT = iphoneos;
				SWIFT_ACTIVE_COMPILATION_CONDITIONS = DEBUG;
				SWIFT_OPTIMIZATION_LEVEL = "-Onone";
			};
			name = Debug;
		};
		D132F61B258C97BF008A90C2 /* Release */ = {
			isa = XCBuildConfiguration;
			buildSettings = {
				ALWAYS_SEARCH_USER_PATHS = NO;
				CLANG_ANALYZER_NONNULL = YES;
				CLANG_ANALYZER_NUMBER_OBJECT_CONVERSION = YES_AGGRESSIVE;
				CLANG_CXX_LANGUAGE_STANDARD = "gnu++14";
				CLANG_CXX_LIBRARY = "libc++";
				CLANG_ENABLE_MODULES = YES;
				CLANG_ENABLE_OBJC_ARC = YES;
				CLANG_ENABLE_OBJC_WEAK = YES;
				CLANG_WARN_BLOCK_CAPTURE_AUTORELEASING = YES;
				CLANG_WARN_BOOL_CONVERSION = YES;
				CLANG_WARN_COMMA = YES;
				CLANG_WARN_CONSTANT_CONVERSION = YES;
				CLANG_WARN_DEPRECATED_OBJC_IMPLEMENTATIONS = YES;
				CLANG_WARN_DIRECT_OBJC_ISA_USAGE = YES_ERROR;
				CLANG_WARN_DOCUMENTATION_COMMENTS = YES;
				CLANG_WARN_EMPTY_BODY = YES;
				CLANG_WARN_ENUM_CONVERSION = YES;
				CLANG_WARN_INFINITE_RECURSION = YES;
				CLANG_WARN_INT_CONVERSION = YES;
				CLANG_WARN_NON_LITERAL_NULL_CONVERSION = YES;
				CLANG_WARN_OBJC_IMPLICIT_RETAIN_SELF = YES;
				CLANG_WARN_OBJC_LITERAL_CONVERSION = YES;
				CLANG_WARN_OBJC_ROOT_CLASS = YES_ERROR;
				CLANG_WARN_QUOTED_INCLUDE_IN_FRAMEWORK_HEADER = YES;
				CLANG_WARN_RANGE_LOOP_ANALYSIS = YES;
				CLANG_WARN_STRICT_PROTOTYPES = YES;
				CLANG_WARN_SUSPICIOUS_MOVE = YES;
				CLANG_WARN_UNGUARDED_AVAILABILITY = YES_AGGRESSIVE;
				CLANG_WARN_UNREACHABLE_CODE = YES;
				CLANG_WARN__DUPLICATE_METHOD_MATCH = YES;
				COPY_PHASE_STRIP = NO;
				DEBUG_INFORMATION_FORMAT = "dwarf-with-dsym";
				ENABLE_NS_ASSERTIONS = NO;
				ENABLE_STRICT_OBJC_MSGSEND = YES;
				GCC_C_LANGUAGE_STANDARD = gnu11;
				GCC_NO_COMMON_BLOCKS = YES;
				GCC_WARN_64_TO_32_BIT_CONVERSION = YES;
				GCC_WARN_ABOUT_RETURN_TYPE = YES_ERROR;
				GCC_WARN_UNDECLARED_SELECTOR = YES;
				GCC_WARN_UNINITIALIZED_AUTOS = YES_AGGRESSIVE;
				GCC_WARN_UNUSED_FUNCTION = YES;
				GCC_WARN_UNUSED_VARIABLE = YES;
				IPHONEOS_DEPLOYMENT_TARGET = 14.3;
				MTL_ENABLE_DEBUG_INFO = NO;
				MTL_FAST_MATH = YES;
				SDKROOT = iphoneos;
				SWIFT_COMPILATION_MODE = wholemodule;
				SWIFT_OPTIMIZATION_LEVEL = "-O";
				VALIDATE_PRODUCT = YES;
			};
			name = Release;
		};
		D132F61D258C97BF008A90C2 /* Debug */ = {
			isa = XCBuildConfiguration;
			buildSettings = {
				ASSETCATALOG_COMPILER_APPICON_NAME = AppIcon;
				ASSETCATALOG_COMPILER_GLOBAL_ACCENT_COLOR_NAME = AccentColor;
				CODE_SIGN_STYLE = Automatic;
				DEVELOPMENT_TEAM = V2PX7DMZ4Q;
				INFOPLIST_FILE = TicTacToe/Info.plist;
				LD_RUNPATH_SEARCH_PATHS = (
					"$(inherited)",
					"@executable_path/Frameworks",
				);
				PRODUCT_BUNDLE_IDENTIFIER = sara.TicTacToe;
				PRODUCT_NAME = "$(TARGET_NAME)";
				SWIFT_VERSION = 5.0;
				TARGETED_DEVICE_FAMILY = "1,2";
			};
			name = Debug;
		};
		D132F61E258C97BF008A90C2 /* Release */ = {
			isa = XCBuildConfiguration;
			buildSettings = {
				ASSETCATALOG_COMPILER_APPICON_NAME = AppIcon;
				ASSETCATALOG_COMPILER_GLOBAL_ACCENT_COLOR_NAME = AccentColor;
				CODE_SIGN_STYLE = Automatic;
				DEVELOPMENT_TEAM = V2PX7DMZ4Q;
				INFOPLIST_FILE = TicTacToe/Info.plist;
				LD_RUNPATH_SEARCH_PATHS = (
					"$(inherited)",
					"@executable_path/Frameworks",
				);
				PRODUCT_BUNDLE_IDENTIFIER = sara.TicTacToe;
				PRODUCT_NAME = "$(TARGET_NAME)";
				SWIFT_VERSION = 5.0;
				TARGETED_DEVICE_FAMILY = "1,2";
			};
			name = Release;
		};
		D132F620258C97BF008A90C2 /* Debug */ = {
			isa = XCBuildConfiguration;
			buildSettings = {
				ALWAYS_EMBED_SWIFT_STANDARD_LIBRARIES = YES;
				BUNDLE_LOADER = "$(TEST_HOST)";
				CODE_SIGN_STYLE = Automatic;
				DEVELOPMENT_TEAM = V2PX7DMZ4Q;
				INFOPLIST_FILE = TicTacToeTests/Info.plist;
				IPHONEOS_DEPLOYMENT_TARGET = 14.3;
				LD_RUNPATH_SEARCH_PATHS = (
					"$(inherited)",
					"@executable_path/Frameworks",
					"@loader_path/Frameworks",
				);
				PRODUCT_BUNDLE_IDENTIFIER = sara.TicTacToeTests;
				PRODUCT_NAME = "$(TARGET_NAME)";
				SWIFT_VERSION = 5.0;
				TARGETED_DEVICE_FAMILY = "1,2";
				TEST_HOST = "$(BUILT_PRODUCTS_DIR)/TicTacToe.app/TicTacToe";
			};
			name = Debug;
		};
		D132F621258C97BF008A90C2 /* Release */ = {
			isa = XCBuildConfiguration;
			buildSettings = {
				ALWAYS_EMBED_SWIFT_STANDARD_LIBRARIES = YES;
				BUNDLE_LOADER = "$(TEST_HOST)";
				CODE_SIGN_STYLE = Automatic;
				DEVELOPMENT_TEAM = V2PX7DMZ4Q;
				INFOPLIST_FILE = TicTacToeTests/Info.plist;
				IPHONEOS_DEPLOYMENT_TARGET = 14.3;
				LD_RUNPATH_SEARCH_PATHS = (
					"$(inherited)",
					"@executable_path/Frameworks",
					"@loader_path/Frameworks",
				);
				PRODUCT_BUNDLE_IDENTIFIER = sara.TicTacToeTests;
				PRODUCT_NAME = "$(TARGET_NAME)";
				SWIFT_VERSION = 5.0;
				TARGETED_DEVICE_FAMILY = "1,2";
				TEST_HOST = "$(BUILT_PRODUCTS_DIR)/TicTacToe.app/TicTacToe";
			};
			name = Release;
		};
		D132F623258C97BF008A90C2 /* Debug */ = {
			isa = XCBuildConfiguration;
			buildSettings = {
				ALWAYS_EMBED_SWIFT_STANDARD_LIBRARIES = YES;
				CODE_SIGN_STYLE = Automatic;
				DEVELOPMENT_TEAM = V2PX7DMZ4Q;
				INFOPLIST_FILE = TicTacToeUITests/Info.plist;
				LD_RUNPATH_SEARCH_PATHS = (
					"$(inherited)",
					"@executable_path/Frameworks",
					"@loader_path/Frameworks",
				);
				PRODUCT_BUNDLE_IDENTIFIER = sara.TicTacToeUITests;
				PRODUCT_NAME = "$(TARGET_NAME)";
				SWIFT_VERSION = 5.0;
				TARGETED_DEVICE_FAMILY = "1,2";
				TEST_TARGET_NAME = TicTacToe;
			};
			name = Debug;
		};
		D132F624258C97BF008A90C2 /* Release */ = {
			isa = XCBuildConfiguration;
			buildSettings = {
				ALWAYS_EMBED_SWIFT_STANDARD_LIBRARIES = YES;
				CODE_SIGN_STYLE = Automatic;
				DEVELOPMENT_TEAM = V2PX7DMZ4Q;
				INFOPLIST_FILE = TicTacToeUITests/Info.plist;
				LD_RUNPATH_SEARCH_PATHS = (
					"$(inherited)",
					"@executable_path/Frameworks",
					"@loader_path/Frameworks",
				);
				PRODUCT_BUNDLE_IDENTIFIER = sara.TicTacToeUITests;
				PRODUCT_NAME = "$(TARGET_NAME)";
				SWIFT_VERSION = 5.0;
				TARGETED_DEVICE_FAMILY = "1,2";
				TEST_TARGET_NAME = TicTacToe;
			};
			name = Release;
		};
/* End XCBuildConfiguration section */

/* Begin XCConfigurationList section */
		D132F5ED258C97AC008A90C2 /* Build configuration list for PBXProject "TicTacToe" */ = {
			isa = XCConfigurationList;
			buildConfigurations = (
				D132F61A258C97BF008A90C2 /* Debug */,
				D132F61B258C97BF008A90C2 /* Release */,
			);
			defaultConfigurationIsVisible = 0;
			defaultConfigurationName = Release;
		};
		D132F61C258C97BF008A90C2 /* Build configuration list for PBXNativeTarget "TicTacToe" */ = {
			isa = XCConfigurationList;
			buildConfigurations = (
				D132F61D258C97BF008A90C2 /* Debug */,
				D132F61E258C97BF008A90C2 /* Release */,
			);
			defaultConfigurationIsVisible = 0;
			defaultConfigurationName = Release;
		};
		D132F61F258C97BF008A90C2 /* Build configuration list for PBXNativeTarget "TicTacToeTests" */ = {
			isa = XCConfigurationList;
			buildConfigurations = (
				D132F620258C97BF008A90C2 /* Debug */,
				D132F621258C97BF008A90C2 /* Release */,
			);
			defaultConfigurationIsVisible = 0;
			defaultConfigurationName = Release;
		};
		D132F622258C97BF008A90C2 /* Build configuration list for PBXNativeTarget "TicTacToeUITests" */ = {
			isa = XCConfigurationList;
			buildConfigurations = (
				D132F623258C97BF008A90C2 /* Debug */,
				D132F624258C97BF008A90C2 /* Release */,
			);
			defaultConfigurationIsVisible = 0;
			defaultConfigurationName = Release;
		};
/* End XCConfigurationList section */
	};
	rootObject = D132F5EA258C97AC008A90C2 /* Project object */;
}
